				
Microsoft Visual Studio Solution File, Format Version 12.00
Project("{2150E333-8FDC-42A3-9474-1A3956D46DE8}") = "Tests", "Tests", "{3FBF5581-5FFF-40D4-9BE9-9E6577FDB938}"
EndProject
Project("{2150E333-8FDC-42A3-9474-1A3956D46DE8}") = "Module", "Module", "{872545EC-089D-4284-8716-30F6136B4DD6}"
EndProject
Project("{FAE04EC0-301F-11D3-BF4B-00C04F79EFBC}") = "OrchardCoreModule.WebApi", "Src\Module\OrchardCoreModule.WebApi\OrchardCoreModule.WebApi.csproj", "{DC5834E2-4E09-43E1-AF11-70D3E42B8D9B}"
EndProject
Project("{FAE04EC0-301F-11D3-BF4B-00C04F79EFBC}") = "OrchardCoreModule.WebApi.Abstractions", "Src\Module\OrchardCoreModule.WebApi.Abstractions\OrchardCoreModule.WebApi.Abstractions.csproj", "{659D64BC-EE82-47F4-8EA1-A226F67CB7DA}"
EndProject
Project("{FAE04EC0-301F-11D3-BF4B-00C04F79EFBC}") = "Tests.Api", "Src\Tests\Tests.Api\Tests.Api.csproj", "{71CE6F45-B653-4002-868E-E68BFE27A980}"
EndProject
Project("{FAE04EC0-301F-11D3-BF4B-00C04F79EFBC}") = "Tests.CmsWeb", "Src\Tests\Tests.CmsWeb\Tests.CmsWeb.csproj", "{1B8F1313-EB56-4CF6-91FA-5E17FB57F090}"
EndProject
Project("{FAE04EC0-301F-11D3-BF4B-00C04F79EFBC}") = "Tests.CommonUtils", "Src\Tests\Tests.CommonUtils\Tests.CommonUtils.csproj", "{504CD13F-7C1C-48FB-A671-0FD2349829A7}"
EndProject
Project("{FAE04EC0-301F-11D3-BF4B-00C04F79EFBC}") = "Tests.Unit", "Src\Tests\Tests.Unit\Tests.Unit.csproj", "{EBC4496C-30A3-46C0-BA7A-40FDADCE681A}"
EndProject
Global
	GlobalSection(SolutionConfigurationPlatforms) = preSolution
		Debug|Any CPU = Debug|Any CPU
		Release|Any CPU = Release|Any CPU
	EndGlobalSection
	GlobalSection(ProjectConfigurationPlatforms) = postSolution
		{DC5834E2-4E09-43E1-AF11-70D3E42B8D9B}.Debug|Any CPU.ActiveCfg = Debug|Any CPU
		{DC5834E2-4E09-43E1-AF11-70D3E42B8D9B}.Debug|Any CPU.Build.0 = Debug|Any CPU
		{DC5834E2-4E09-43E1-AF11-70D3E42B8D9B}.Release|Any CPU.ActiveCfg = Release|Any CPU
		{DC5834E2-4E09-43E1-AF11-70D3E42B8D9B}.Release|Any CPU.Build.0 = Release|Any CPU
		{659D64BC-EE82-47F4-8EA1-A226F67CB7DA}.Debug|Any CPU.ActiveCfg = Debug|Any CPU
		{659D64BC-EE82-47F4-8EA1-A226F67CB7DA}.Debug|Any CPU.Build.0 = Debug|Any CPU
		{659D64BC-EE82-47F4-8EA1-A226F67CB7DA}.Release|Any CPU.ActiveCfg = Release|Any CPU
		{659D64BC-EE82-47F4-8EA1-A226F67CB7DA}.Release|Any CPU.Build.0 = Release|Any CPU
		{71CE6F45-B653-4002-868E-E68BFE27A980}.Debug|Any CPU.ActiveCfg = Debug|Any CPU
		{71CE6F45-B653-4002-868E-E68BFE27A980}.Debug|Any CPU.Build.0 = Debug|Any CPU
		{71CE6F45-B653-4002-868E-E68BFE27A980}.Release|Any CPU.ActiveCfg = Release|Any CPU
		{71CE6F45-B653-4002-868E-E68BFE27A980}.Release|Any CPU.Build.0 = Release|Any CPU
		{1B8F1313-EB56-4CF6-91FA-5E17FB57F090}.Debug|Any CPU.ActiveCfg = Debug|Any CPU
		{1B8F1313-EB56-4CF6-91FA-5E17FB57F090}.Debug|Any CPU.Build.0 = Debug|Any CPU
		{1B8F1313-EB56-4CF6-91FA-5E17FB57F090}.Release|Any CPU.ActiveCfg = Release|Any CPU
		{1B8F1313-EB56-4CF6-91FA-5E17FB57F090}.Release|Any CPU.Build.0 = Release|Any CPU
		{504CD13F-7C1C-48FB-A671-0FD2349829A7}.Debug|Any CPU.ActiveCfg = Debug|Any CPU
		{504CD13F-7C1C-48FB-A671-0FD2349829A7}.Debug|Any CPU.Build.0 = Debug|Any CPU
		{504CD13F-7C1C-48FB-A671-0FD2349829A7}.Release|Any CPU.ActiveCfg = Release|Any CPU
		{504CD13F-7C1C-48FB-A671-0FD2349829A7}.Release|Any CPU.Build.0 = Release|Any CPU
		{EBC4496C-30A3-46C0-BA7A-40FDADCE681A}.Debug|Any CPU.ActiveCfg = Debug|Any CPU
		{EBC4496C-30A3-46C0-BA7A-40FDADCE681A}.Debug|Any CPU.Build.0 = Debug|Any CPU
		{EBC4496C-30A3-46C0-BA7A-40FDADCE681A}.Release|Any CPU.ActiveCfg = Release|Any CPU
		{EBC4496C-30A3-46C0-BA7A-40FDADCE681A}.Release|Any CPU.Build.0 = Release|Any CPU
	EndGlobalSection
	GlobalSection(NestedProjects) = preSolution
		{DC5834E2-4E09-43E1-AF11-70D3E42B8D9B} = {872545EC-089D-4284-8716-30F6136B4DD6}
		{659D64BC-EE82-47F4-8EA1-A226F67CB7DA} = {872545EC-089D-4284-8716-30F6136B4DD6}
		{71CE6F45-B653-4002-868E-E68BFE27A980} = {3FBF5581-5FFF-40D4-9BE9-9E6577FDB938}
		{1B8F1313-EB56-4CF6-91FA-5E17FB57F090} = {3FBF5581-5FFF-40D4-9BE9-9E6577FDB938}
		{504CD13F-7C1C-48FB-A671-0FD2349829A7} = {3FBF5581-5FFF-40D4-9BE9-9E6577FDB938}
		{EBC4496C-30A3-46C0-BA7A-40FDADCE681A} = {3FBF5581-5FFF-40D4-9BE9-9E6577FDB938}
	EndGlobalSection
EndGlobal
