
Microsoft Visual Studio Solution File, Format Version 12.00
Project("{FAE04EC0-301F-11D3-BF4B-00C04F79EFBC}") = "OrchardCoreModule.WebApi", "OrchardCoreModule.WebApi\OrchardCoreModule.WebApi.csproj", "{EA562340-71BB-4A79-ACDF-F527B0195FC9}"
EndProject
Project("{FAE04EC0-301F-11D3-BF4B-00C04F79EFBC}") = "OrchardCoreModule.WebApi.Abstractions", "OrchardCoreModule.WebApi.Abstractions\OrchardCoreModule.WebApi.Abstractions.csproj", "{8AE3886F-DF86-4EDB-B076-5D89B53BF2F2}"
EndProject
Project("{2150E333-8FDC-42A3-9474-1A3956D46DE8}") = "Common", "Common", "{5B1AFE5B-B12B-47E3-9FE6-8F560BEC7EA6}"
EndProject
Project("{FAE04EC0-301F-11D3-BF4B-00C04F79EFBC}") = "Common.Db", "Common.Db\Common.Db.csproj", "{73DEFDF1-6FED-46C1-9EAC-4AD8CAF06E0D}"
EndProject
Global
	GlobalSection(SolutionConfigurationPlatforms) = preSolution
		Debug|Any CPU = Debug|Any CPU
		Release|Any CPU = Release|Any CPU
	EndGlobalSection
	GlobalSection(ProjectConfigurationPlatforms) = postSolution
		{EA562340-71BB-4A79-ACDF-F527B0195FC9}.Debug|Any CPU.ActiveCfg = Debug|Any CPU
		{EA562340-71BB-4A79-ACDF-F527B0195FC9}.Debug|Any CPU.Build.0 = Debug|Any CPU
		{EA562340-71BB-4A79-ACDF-F527B0195FC9}.Release|Any CPU.ActiveCfg = Release|Any CPU
		{EA562340-71BB-4A79-ACDF-F527B0195FC9}.Release|Any CPU.Build.0 = Release|Any CPU
		{8AE3886F-DF86-4EDB-B076-5D89B53BF2F2}.Debug|Any CPU.ActiveCfg = Debug|Any CPU
		{8AE3886F-DF86-4EDB-B076-5D89B53BF2F2}.Debug|Any CPU.Build.0 = Debug|Any CPU
		{8AE3886F-DF86-4EDB-B076-5D89B53BF2F2}.Release|Any CPU.ActiveCfg = Release|Any CPU
		{8AE3886F-DF86-4EDB-B076-5D89B53BF2F2}.Release|Any CPU.Build.0 = Release|Any CPU
		{73DEFDF1-6FED-46C1-9EAC-4AD8CAF06E0D}.Debug|Any CPU.ActiveCfg = Debug|Any CPU
		{73DEFDF1-6FED-46C1-9EAC-4AD8CAF06E0D}.Debug|Any CPU.Build.0 = Debug|Any CPU
		{73DEFDF1-6FED-46C1-9EAC-4AD8CAF06E0D}.Release|Any CPU.ActiveCfg = Release|Any CPU
		{73DEFDF1-6FED-46C1-9EAC-4AD8CAF06E0D}.Release|Any CPU.Build.0 = Release|Any CPU
	EndGlobalSection
	GlobalSection(NestedProjects) = preSolution
		{73DEFDF1-6FED-46C1-9EAC-4AD8CAF06E0D} = {5B1AFE5B-B12B-47E3-9FE6-8F560BEC7EA6}
	EndGlobalSection
EndGlobal
